
Microsoft Visual Studio Solution File, Format Version 12.00
# Visual Studio Version 17
VisualStudioVersion = 17.14.36414.22 d17.14
MinimumVisualStudioVersion = 10.0.40219.1
Project("{8BC9CEB8-8B4A-11D0-8D11-00A0C91BC942}") = "CP2025", "CP2025\CP2025.vcxproj", "{D1D57417-8074-4183-B069-D86C365538BF}"
EndProject
Project("{8BC9CEB8-8B4A-11D0-8D11-00A0C91BC942}") = "chap07", "chap07\chap07.vcxproj", "{7F3D0347-E245-462C-BF9C-CB7E4C1434C4}"
EndProject
Global
	GlobalSection(SolutionConfigurationPlatforms) = preSolution
		Debug|x64 = Debug|x64
		Debug|x86 = Debug|x86
		Release|x64 = Release|x64
		Release|x86 = Release|x86
	EndGlobalSection
	GlobalSection(ProjectConfigurationPlatforms) = postSolution
		{D1D57417-8074-4183-B069-D86C365538BF}.Debug|x64.ActiveCfg = Debug|x64
		{D1D57417-8074-4183-B069-D86C365538BF}.Debug|x64.Build.0 = Debug|x64
		{D1D57417-8074-4183-B069-D86C365538BF}.Debug|x86.ActiveCfg = Debug|Win32
		{D1D57417-8074-4183-B069-D86C365538BF}.Debug|x86.Build.0 = Debug|Win32
		{D1D57417-8074-4183-B069-D86C365538BF}.Release|x64.ActiveCfg = Release|x64
		{D1D57417-8074-4183-B069-D86C365538BF}.Release|x64.Build.0 = Release|x64
		{D1D57417-8074-4183-B069-D86C365538BF}.Release|x86.ActiveCfg = Release|Win32
		{D1D57417-8074-4183-B069-D86C365538BF}.Release|x86.Build.0 = Release|Win32
		{7F3D0347-E245-462C-BF9C-CB7E4C1434C4}.Debug|x64.ActiveCfg = Debug|x64
		{7F3D0347-E245-462C-BF9C-CB7E4C1434C4}.Debug|x64.Build.0 = Debug|x64
		{7F3D0347-E245-462C-BF9C-CB7E4C1434C4}.Debug|x86.ActiveCfg = Debug|Win32
		{7F3D0347-E245-462C-BF9C-CB7E4C1434C4}.Debug|x86.Build.0 = Debug|Win32
		{7F3D0347-E245-462C-BF9C-CB7E4C1434C4}.Release|x64.ActiveCfg = Release|x64
		{7F3D0347-E245-462C-BF9C-CB7E4C1434C4}.Release|x64.Build.0 = Release|x64
		{7F3D0347-E245-462C-BF9C-CB7E4C1434C4}.Release|x86.ActiveCfg = Release|Win32
		{7F3D0347-E245-462C-BF9C-CB7E4C1434C4}.Release|x86.Build.0 = Release|Win32
	EndGlobalSection
	GlobalSection(SolutionProperties) = preSolution
		HideSolutionNode = FALSE
	EndGlobalSection
	GlobalSection(ExtensibilityGlobals) = postSolution
		SolutionGuid = {902B18DB-1799-489E-851B-07A2A9BB6C57}
	EndGlobalSection
EndGlobal
